
Microsoft Visual Studio Solution File, Format Version 12.00
# Visual Studio Version 17
VisualStudioVersion = 17.2.32630.192
MinimumVisualStudioVersion = 10.0.40219.1
Project("{FAE04EC0-301F-11D3-BF4B-00C04F79EFBC}") = "FalconOne.API", "FalconOne\FalconOne.API.csproj", "{C14AAC30-4EE1-49CA-9F7D-C79DDADAC288}"
EndProject
Project("{FAE04EC0-301F-11D3-BF4B-00C04F79EFBC}") = "FalconOne.DLL", "FalconOne.DLL\FalconOne.DLL.csproj", "{F13C8923-C604-4E3E-B8B7-9B55B259146A}"
EndProject
Project("{FAE04EC0-301F-11D3-BF4B-00C04F79EFBC}") = "FalconeOne.BLL", "FalconeOne.BLL\FalconeOne.BLL.csproj", "{B8951D3F-3A6A-4EC8-BBDC-422D3C1FC1C7}"
EndProject
Global
	GlobalSection(SolutionConfigurationPlatforms) = preSolution
		Debug|Any CPU = Debug|Any CPU
		Release|Any CPU = Release|Any CPU
	EndGlobalSection
	GlobalSection(ProjectConfigurationPlatforms) = postSolution
		{C14AAC30-4EE1-49CA-9F7D-C79DDADAC288}.Debug|Any CPU.ActiveCfg = Debug|Any CPU
		{C14AAC30-4EE1-49CA-9F7D-C79DDADAC288}.Debug|Any CPU.Build.0 = Debug|Any CPU
		{C14AAC30-4EE1-49CA-9F7D-C79DDADAC288}.Release|Any CPU.ActiveCfg = Release|Any CPU
		{C14AAC30-4EE1-49CA-9F7D-C79DDADAC288}.Release|Any CPU.Build.0 = Release|Any CPU
		{F13C8923-C604-4E3E-B8B7-9B55B259146A}.Debug|Any CPU.ActiveCfg = Debug|Any CPU
		{F13C8923-C604-4E3E-B8B7-9B55B259146A}.Debug|Any CPU.Build.0 = Debug|Any CPU
		{F13C8923-C604-4E3E-B8B7-9B55B259146A}.Release|Any CPU.ActiveCfg = Release|Any CPU
		{F13C8923-C604-4E3E-B8B7-9B55B259146A}.Release|Any CPU.Build.0 = Release|Any CPU
		{B8951D3F-3A6A-4EC8-BBDC-422D3C1FC1C7}.Debug|Any CPU.ActiveCfg = Debug|Any CPU
		{B8951D3F-3A6A-4EC8-BBDC-422D3C1FC1C7}.Debug|Any CPU.Build.0 = Debug|Any CPU
		{B8951D3F-3A6A-4EC8-BBDC-422D3C1FC1C7}.Release|Any CPU.ActiveCfg = Release|Any CPU
		{B8951D3F-3A6A-4EC8-BBDC-422D3C1FC1C7}.Release|Any CPU.Build.0 = Release|Any CPU
	EndGlobalSection
	GlobalSection(SolutionProperties) = preSolution
		HideSolutionNode = FALSE
	EndGlobalSection
	GlobalSection(ExtensibilityGlobals) = postSolution
		SolutionGuid = {49E6AD45-90EF-4C6A-A9BD-F61A83872A12}
	EndGlobalSection
EndGlobal
